
Microsoft Visual Studio Solution File, Format Version 12.00
# Visual Studio Version 17
VisualStudioVersion = 17.9.34723.18
MinimumVisualStudioVersion = 10.0.40219.1
Project("{FAE04EC0-301F-11D3-BF4B-00C04F79EFBC}") = "Calendaurus.API", "Calendaurus.API\Calendaurus.API.csproj", "{DA457DDA-5B6C-4C81-9B64-D280F5F44C76}"
EndProject
Project("{FAE04EC0-301F-11D3-BF4B-00C04F79EFBC}") = "Calendaurus.Models", "Calendaurus.Models\Calendaurus.Models.csproj", "{AF88C64A-B41E-47D1-91F7-DD82D7CD2762}"
EndProject
Project("{FAE04EC0-301F-11D3-BF4B-00C04F79EFBC}") = "Calendaurus.Services", "Calendaurus.Services\Calendaurus.Services.csproj", "{986DE3C0-3BB9-4F4C-A057-EB1C38E267B1}"
EndProject
Global
	GlobalSection(SolutionConfigurationPlatforms) = preSolution
		Debug|Any CPU = Debug|Any CPU
		Release|Any CPU = Release|Any CPU
	EndGlobalSection
	GlobalSection(ProjectConfigurationPlatforms) = postSolution
		{DA457DDA-5B6C-4C81-9B64-D280F5F44C76}.Debug|Any CPU.ActiveCfg = Debug|Any CPU
		{DA457DDA-5B6C-4C81-9B64-D280F5F44C76}.Debug|Any CPU.Build.0 = Debug|Any CPU
		{DA457DDA-5B6C-4C81-9B64-D280F5F44C76}.Release|Any CPU.ActiveCfg = Release|Any CPU
		{DA457DDA-5B6C-4C81-9B64-D280F5F44C76}.Release|Any CPU.Build.0 = Release|Any CPU
		{AF88C64A-B41E-47D1-91F7-DD82D7CD2762}.Debug|Any CPU.ActiveCfg = Debug|Any CPU
		{AF88C64A-B41E-47D1-91F7-DD82D7CD2762}.Debug|Any CPU.Build.0 = Debug|Any CPU
		{AF88C64A-B41E-47D1-91F7-DD82D7CD2762}.Release|Any CPU.ActiveCfg = Release|Any CPU
		{AF88C64A-B41E-47D1-91F7-DD82D7CD2762}.Release|Any CPU.Build.0 = Release|Any CPU
		{986DE3C0-3BB9-4F4C-A057-EB1C38E267B1}.Debug|Any CPU.ActiveCfg = Debug|Any CPU
		{986DE3C0-3BB9-4F4C-A057-EB1C38E267B1}.Debug|Any CPU.Build.0 = Debug|Any CPU
		{986DE3C0-3BB9-4F4C-A057-EB1C38E267B1}.Release|Any CPU.ActiveCfg = Release|Any CPU
		{986DE3C0-3BB9-4F4C-A057-EB1C38E267B1}.Release|Any CPU.Build.0 = Release|Any CPU
	EndGlobalSection
	GlobalSection(SolutionProperties) = preSolution
		HideSolutionNode = FALSE
	EndGlobalSection
	GlobalSection(ExtensibilityGlobals) = postSolution
		SolutionGuid = {E5437145-B463-4C99-A8BE-2E9BFE33B3C2}
	EndGlobalSection
EndGlobal
